
Microsoft Visual Studio Solution File, Format Version 12.00
# Visual Studio 15
VisualStudioVersion = 15.0.27004.2005
MinimumVisualStudioVersion = 10.0.40219.1
Project("{FAE04EC0-301F-11D3-BF4B-00C04F79EFBC}") = "OPSPredicter", "OPSPredicter\OPSPredicter.csproj", "{062F6F07-07D4-4E3D-835B-6B4CBC5F38A2}"
EndProject
Project("{FAE04EC0-301F-11D3-BF4B-00C04F79EFBC}") = "NeuralNetwork", "NeuralNetwork\NeuralNetwork.csproj", "{DBF64557-AD65-41B5-8049-E7A9D29AA9E1}"
EndProject
Global
	GlobalSection(SolutionConfigurationPlatforms) = preSolution
		Debug|Any CPU = Debug|Any CPU
		Release|Any CPU = Release|Any CPU
	EndGlobalSection
	GlobalSection(ProjectConfigurationPlatforms) = postSolution
		{062F6F07-07D4-4E3D-835B-6B4CBC5F38A2}.Debug|Any CPU.ActiveCfg = Debug|Any CPU
		{062F6F07-07D4-4E3D-835B-6B4CBC5F38A2}.Debug|Any CPU.Build.0 = Debug|Any CPU
		{062F6F07-07D4-4E3D-835B-6B4CBC5F38A2}.Release|Any CPU.ActiveCfg = Release|Any CPU
		{062F6F07-07D4-4E3D-835B-6B4CBC5F38A2}.Release|Any CPU.Build.0 = Release|Any CPU
		{DBF64557-AD65-41B5-8049-E7A9D29AA9E1}.Debug|Any CPU.ActiveCfg = Debug|Any CPU
		{DBF64557-AD65-41B5-8049-E7A9D29AA9E1}.Debug|Any CPU.Build.0 = Debug|Any CPU
		{DBF64557-AD65-41B5-8049-E7A9D29AA9E1}.Release|Any CPU.ActiveCfg = Release|Any CPU
		{DBF64557-AD65-41B5-8049-E7A9D29AA9E1}.Release|Any CPU.Build.0 = Release|Any CPU
	EndGlobalSection
	GlobalSection(SolutionProperties) = preSolution
		HideSolutionNode = FALSE
	EndGlobalSection
	GlobalSection(ExtensibilityGlobals) = postSolution
		SolutionGuid = {9581CE7C-27E0-4A0B-88D3-B8F484DAF713}
	EndGlobalSection
EndGlobal
